PODS:
  - OKTableViewLiaison (2.1.0)

DEPENDENCIES:
  - OKTableViewLiaison (from `../`)

EXTERNAL SOURCES:
  OKTableViewLiaison:
    :path: "../"

SPEC CHECKSUMS:
  OKTableViewLiaison: 48bf6db8ab6bbf205892d7a2f510c4fb239a5286

PODFILE CHECKSUM: 9150dd9310401db4896273bd584c73be0d2714d2

COCOAPODS: 1.5.0
