PODS:
  - OKTableViewLiaison (1.2.3)

DEPENDENCIES:
  - OKTableViewLiaison (from `../`)

EXTERNAL SOURCES:
  OKTableViewLiaison:
    :path: "../"

SPEC CHECKSUMS:
  OKTableViewLiaison: 2bb60af7b997b7f776dcab760614261625b36011

PODFILE CHECKSUM: 9150dd9310401db4896273bd584c73be0d2714d2

COCOAPODS: 1.5.0
