PODS:
  - OKTableViewLiaison (1.4.0)

DEPENDENCIES:
  - OKTableViewLiaison (from `../`)

EXTERNAL SOURCES:
  OKTableViewLiaison:
    :path: "../"

SPEC CHECKSUMS:
  OKTableViewLiaison: 1f5b71721c98b4a3141a0a32d0c73296c2c21e61

PODFILE CHECKSUM: 9150dd9310401db4896273bd584c73be0d2714d2

COCOAPODS: 1.5.0
